
Microsoft Visual Studio Solution File, Format Version 12.00
# Visual Studio Version 17
VisualStudioVersion = 17.8.34212.112
MinimumVisualStudioVersion = 10.0.40219.1
Project("{FAE04EC0-301F-11D3-BF4B-00C04F79EFBC}") = "To DoList", "To DoList\To DoList.csproj", "{C6FFC1B3-5A2B-457D-9ED6-6C0993E8EF46}"
EndProject
Project("{FAE04EC0-301F-11D3-BF4B-00C04F79EFBC}") = "CSharp_Values", "CSharp_Values\CSharp_Values.csproj", "{2209100B-BEAA-4408-862D-9628D0B7085A}"
EndProject
Global
	GlobalSection(SolutionConfigurationPlatforms) = preSolution
		Debug|Any CPU = Debug|Any CPU
		Release|Any CPU = Release|Any CPU
	EndGlobalSection
	GlobalSection(ProjectConfigurationPlatforms) = postSolution
		{C6FFC1B3-5A2B-457D-9ED6-6C0993E8EF46}.Debug|Any CPU.ActiveCfg = Debug|Any CPU
		{C6FFC1B3-5A2B-457D-9ED6-6C0993E8EF46}.Debug|Any CPU.Build.0 = Debug|Any CPU
		{C6FFC1B3-5A2B-457D-9ED6-6C0993E8EF46}.Release|Any CPU.ActiveCfg = Release|Any CPU
		{C6FFC1B3-5A2B-457D-9ED6-6C0993E8EF46}.Release|Any CPU.Build.0 = Release|Any CPU
		{2209100B-BEAA-4408-862D-9628D0B7085A}.Debug|Any CPU.ActiveCfg = Debug|Any CPU
		{2209100B-BEAA-4408-862D-9628D0B7085A}.Debug|Any CPU.Build.0 = Debug|Any CPU
		{2209100B-BEAA-4408-862D-9628D0B7085A}.Release|Any CPU.ActiveCfg = Release|Any CPU
		{2209100B-BEAA-4408-862D-9628D0B7085A}.Release|Any CPU.Build.0 = Release|Any CPU
	EndGlobalSection
	GlobalSection(SolutionProperties) = preSolution
		HideSolutionNode = FALSE
	EndGlobalSection
	GlobalSection(ExtensibilityGlobals) = postSolution
		SolutionGuid = {B2DDCCF6-E3E0-4C1B-A3EB-DB8A876B60AE}
	EndGlobalSection
EndGlobal
